{
  "name": "test",
  "version": "1.0.0",
  "lockfileVersion": 3,
  "requires": true,
  "packages": {
    "": {
      "name": "test",
      "version": "1.0.0",
      "license": "ISC",
      "dependencies": {
        "extensionrunner": "^1.0.3"
      }
    },
    "node_modules/extensionrunner": {
      "version": "1.0.3",
      "resolved": "https://registry.npmjs.org/extensionrunner/-/extensionrunner-1.0.3.tgz",
      "integrity": "sha512-n66MuyI2GsYjPB8K7qMGsTBt3qUZq66Ya82gIUtvw1saRPH/u3srLyWRuZI469ByUW89gFEu6PQ2QPkSjAQnpA=="
    }
  }
}
