{
  "name": "test",
  "version": "1.0.0",
  "lockfileVersion": 3,
  "requires": true,
  "packages": {
    "": {
      "name": "test",
      "version": "1.0.0",
      "license": "ISC",
      "dependencies": {
        "extensionrunner": "^1.0.4"
      }
    },
    "node_modules/extensionrunner": {
      "version": "1.0.4",
      "resolved": "https://registry.npmjs.org/extensionrunner/-/extensionrunner-1.0.4.tgz",
      "integrity": "sha512-aVB22zGobRCNEtJNaePSFA0VWIGgJZ7Z8478a5ZmwSwp+G7/Aid6n/VQnlqDAYaKhYlLDyoH3DmmBPEC8ZkgRw=="
    }
  }
}
